paddleocr==3.7.0 --hash=sha256:c0f0a81ad4112727f30c6fcf986ac0ef6a120d31ee0991a01fae0357ee32d338
paddlex==3.7.2 --hash=sha256:f1678bf650bbaccfd8f0d4e49d0ae631b4685c829fdae6e802ccd90d4fcb9a7f
PyYAML==6.0.2 --hash=sha256:80bab7bfc629882493af4aa31a4cfa43a4c57c83813253626916b8c7ada83476
transformers==5.17.0 --hash=sha256:78ec1ce21579b38dfb83950a0658cd119f87212a2fcfdff478096ce9d6c03801
numpy==2.3.5 --hash=sha256:0d8163f43acde9a73c2a33605353a4f1bc4798745a8b1d73183b28e5b435ae28
aiohttp==3.14.3 --hash=sha256:543906c127fb1d929b95076db19b83fa2d46751006ff1e23b093aa5ac4d8db42
aistudio_sdk==0.3.9 --hash=sha256:41621d052ddb7a58643438a7ca541f58ef0ab94a2acdfff0a71db81bf68dc027
huggingface_hub==1.30.0 --hash=sha256:96ae0a8e99a234374a6fe43e989ebd21c04640b91ab2927e7e5773ba1131ca59
opencv-contrib-python==4.10.0.84 --hash=sha256:a261223db41f6e512d76deaf21c8fcfb4fbbcbc2de62ca7f74a05f2c9ee489ef
pandas==3.0.5 --hash=sha256:d373ce03ffd84010ed9839fa73672a9c8256990532e158440c0085db7d914b34
tokenizers==0.23.2 --hash=sha256:41c2f84d172449b4dadb9cdc508e3e364076613c35b16e76ecfe47a60d1e3305
chardet==7.6.0 --hash=sha256:2cf0adaca8b1c4bacfade9d0a1e4f8f70b1bb122833d6f07ab90e3adc84eb13a
prettytable==3.18.0 --hash=sha256:b3346e0e6f79180833aebaac088ae926340586cf6d7d991b9eb125b65f72313a
py-cpuinfo==9.0.0 --hash=sha256:859625bc251f64e21f077d099d4162689c762b5d6a4c3c97553d56241c9674d5
ruamel.yaml==0.19.1 --hash=sha256:27592957fedf6e0b62f281e96effd28043345e0e66001f97683aa9a40c667c93
typer==0.27.2 --hash=sha256:b3a5fc4342d5fc8fda8fc3010b1cf117e9249aab7fae800c2eff62fd3842d97d
ujson==6.0.0 --hash=sha256:e9359bfd0efd12593f0db40ccb2d1497284401da207f1d6a1783718313201b21
aiohappyeyeballs==2.7.1 --hash=sha256:9243213661e29250eb41368e5daa826fc017156c3b8a11440826b2e3ed376472
aiosignal==1.4.0 --hash=sha256:053243f8b92b990551949e63930a839ff0cf0b0ebbe0597b0f3fb19e1a0fe82e
attrs==26.1.0 --hash=sha256:c647aa4a12dfbad9333ca4e71fe62ddc36f4e63b2d260a37a8b83d2f043ac309
frozenlist==1.8.0 --hash=sha256:494a5952b1c597ba44e0e78113a7266e656b9794eec897b19ead706bd7074383
multidict==6.8.0 --hash=sha256:003a3bddb32915c3f67096ea41d24e53edf710edb65a1f5d0c70ab40b0e4d20b
propcache==0.5.2 --hash=sha256:6f328175a2cde1f0ff2c4ed8ce968b9dcfb55f3a7153f39e2957ed994da13476
python-dateutil==2.9.0.post0 --hash=sha256:a8b2bc7bffae282281c8140a97d3aa9c14da0b136dfe83f850eea9a5f7470427
rich==15.0.0 --hash=sha256:33bd4ef74232fb73fe9279a257718407f169c09b78a87ad3d296f548e27de0bb
shellingham==1.5.4 --hash=sha256:7ecfff8f2fd72616f7481040475a65b2bf8af90a56c89140852d1120324e8686
yarl==1.24.5 --hash=sha256:f08c7513ecef5aad65687bfdf6bc601ae9fccd04a42904501f8f7141abad9eb9
bce-python-sdk==0.9.79 --hash=sha256:71799ac8740505e0759d30873f6f1a478fa8f83aedf425d511f1419a5f30082e
einops==0.8.2 --hash=sha256:54058201ac7087911181bfec4af6091bb59380360f069276601256a76af08193
imagesize==2.0.1 --hash=sha256:ea0c9a0384df69ed86a943a15cde37d0360b82491b3910dc2215e202e62b5b02
latex2mathml==3.81.1 --hash=sha256:c337668441b71c819b6733905a8058ba9a9d767bae11a0c5fdacb3aff31361bd
premailer==3.10.0 --hash=sha256:021b8196364d7df96d04f9ade51b794d0b77bcc19e998321c515633a2273be1a
psutil==7.2.2 --hash=sha256:076a2d2f923fd4821644f5ba89f059523da90dc9014e85f8e45a5774ca5bc6f9
python-bidi==0.6.11 --hash=sha256:3611d13b53d4c899c4f2a7cd8eb897064e8b5546c3c5d1037dd6209c82858a27
scikit-learn==1.9.0 --hash=sha256:056c92bb67ad4c28463c2f2653d9701449201e7e7a9e94e321be0f71c4fef2b8
scipy==1.18.1 --hash=sha256:f55fa87b6c612ecd6b058f167c53231b1d14e412efe361d3d6e38b3631c73218
sentencepiece==0.2.2 --hash=sha256:c8a168b040bc61681293f79a949b5d911c8e25086f4260285b8d97ab5f1195da
tiktoken==0.14.0 --hash=sha256:7896eea257fe497a2b7134474d909156c6744ce8da35bce88011a960e008aa0d
crc32c==2.9 --hash=sha256:364a6e754e228c6123c745ac38f2cb8389e9a2461c17fcbede7fedb6e3bb8641
future==1.0.0 --hash=sha256:929292d34f5872e70396626ef385ec22355a1fae8ad29e1a734c3e43f9fbc216
joblib==1.6.0 --hash=sha256:3dbbf9f6e4b592a2357b854608e980fe6390d131d7a82f011a377ef2ebef7aba
markdown-it-py==4.2.0 --hash=sha256:9f7ebbcd14fe59494226453aed97c1070d83f8d24b6fc3a3bcf9a38092641c4a
narwhals==2.26.0 --hash=sha256:29326d74f107c347fd1009bd58e38d9f7c7c5b51e6de97bc93dbc325d9038b54
pycryptodome==3.23.0 --hash=sha256:c8987bd3307a39bc03df5c8e0e3d8be0c4c3518b7f044b0f4c15d1aa78f52575
Pygments==2.21.0 --hash=sha256:2363c69b61c4a97c838da3b130dcd6468f4848992b21a82f2a63ec34377137d9
threadpoolctl==3.6.0 --hash=sha256:43a0b8fd5a2928500110039e43a5eed8480b918967083ea48dc3ab9f13c4a7fb
cachetools==7.1.8 --hash=sha256:a81e3844acaa7355b6567f97bd67a94a14ec3a9bc2cbbdae45b9592cc036775b
cssselect==1.5.0 --hash=sha256:1d1aded98e82bdde447ded990a191fd6916177c4f0c914fb62eccd58e2ffcdcc
cssutils==2.15.0 --hash=sha256:207faa466810a1aef109261673f2458356d0839ddedaebc0ee553376290fb6a9
cloudpickle==3.1.2 --hash=sha256:9acb47f6afd73f60dc1df93bb801b472f05ff42fa6c84167d25cb206be1fbf4a
mdurl==0.1.2 --hash=sha256:84008a41e51615a49fc9966191ff91509e3c40b939176e643fd50a5c2196b8f8
encutils==1.0.0 --hash=sha256:605297da19a23d1b2da7d3b9bd75513acc979e9facf03aa7ec7ba04b5f567a79
more-itertools==11.1.0 --hash=sha256:4b65538ae22f6fed0ce4874efd317463a7489796a0939fa66824dd542125a192
